lockfileVersion: '9.0'

settings:
  autoInstallPeers: true
  excludeLinksFromLockfile: false

importers:

  .:
    dependencies:
      '@colion/hamster':
        specifier: workspace:^
        version: 'link:'
      commander:
        specifier: ^12.1.0
        version: 12.1.0
      inquirer:
        specifier: ^12.0.0
        version: 12.0.0(@types/node@18.19.55)
    devDependencies:
      '@types/node':
        specifier: ^18.16.0
        version: 18.19.55
      prettier:
        specifier: ^3.3.3
        version: 3.3.3

packages:

  '@inquirer/checkbox@4.0.0':
    resolution: {integrity: sha512-TNd+u1fAG8vf8YMgXzK2BI0u0xsphFv//T5rpF1eZ+8AAXby5Ll1qptr4/XVS45dvWDIzuBmmWIpVJRvnaNqzQ==, tarball: https://registry.npmmirror.com/@inquirer/checkbox/-/checkbox-4.0.0.tgz}
    engines: {node: '>=18'}

  '@inquirer/confirm@5.0.0':
    resolution: {integrity: sha512-6QEzj6bZg8atviRIL+pR0tODC854cYSjvZxkyCarr8DVaOJPEyuGys7GmEG3W0Rb8kKSQec7P6okt0sJvNneFw==, tarball: https://registry.npmmirror.com/@inquirer/confirm/-/confirm-5.0.0.tgz}
    engines: {node: '>=18'}

  '@inquirer/core@10.0.0':
    resolution: {integrity: sha512-7dwoKCGvgZGHWTZfOj2KLmbIAIdiXP9NTrwGaTO/XDfKMEmyBahZpnombiG6JDHmiOrmK3GLEJRXrWExXCDLmQ==, tarball: https://registry.npmmirror.com/@inquirer/core/-/core-10.0.0.tgz}
    engines: {node: '>=18'}

  '@inquirer/editor@4.0.0':
    resolution: {integrity: sha512-bhHAP7hIOxUjiTZrpjyAYD+2RFRa+PNutWeW7JdDPcWWG3GVRiFsu3pBGw9kN2PktoiilDWFGSR0dwXBzGQang==, tarball: https://registry.npmmirror.com/@inquirer/editor/-/editor-4.0.0.tgz}
    engines: {node: '>=18'}

  '@inquirer/expand@4.0.0':
    resolution: {integrity: sha512-mR7JHNIvCB4o12f75KN42he7s1O9tmcSN4wJ6l04oymfXKLn+lYJFI7z9lbe4/Ald6fm8nuF38fuY5hNPl3B+A==, tarball: https://registry.npmmirror.com/@inquirer/expand/-/expand-4.0.0.tgz}
    engines: {node: '>=18'}

  '@inquirer/figures@1.0.7':
    resolution: {integrity: sha512-m+Trk77mp54Zma6xLkLuY+mvanPxlE4A7yNKs2HBiyZ4UkVs28Mv5c/pgWrHeInx+USHeX/WEPzjrWrcJiQgjw==, tarball: https://registry.npmmirror.com/@inquirer/figures/-/figures-1.0.7.tgz}
    engines: {node: '>=18'}

  '@inquirer/input@4.0.0':
    resolution: {integrity: sha512-LD7MNzaX+q2OpU4Fn0i/SedhnnBCAnEzRr6L0MP6ohofFFlx9kp5EXX7flbRZlUnh8icOwC3NFmXTyP76hvo0g==, tarball: https://registry.npmmirror.com/@inquirer/input/-/input-4.0.0.tgz}
    engines: {node: '>=18'}

  '@inquirer/number@3.0.0':
    resolution: {integrity: sha512-DUYfROyQNWm3q+JXL3S6s1/y/cOWRstnmt5zDXhdYNJ5N8TgCnHcDXKwW/dRZL7eBZupmDVHxdKCWZDUYUqmeg==, tarball: https://registry.npmmirror.com/@inquirer/number/-/number-3.0.0.tgz}
    engines: {node: '>=18'}

  '@inquirer/password@4.0.0':
    resolution: {integrity: sha512-W4QRSzJDMKIvWSvQWOIhs6qba1MJ6yIoy+sazSFhl2QIwn58B0Yw3iZ/zLk3QqVcCsTmKcyrSNVWUJ5RVDLStw==, tarball: https://registry.npmmirror.com/@inquirer/password/-/password-4.0.0.tgz}
    engines: {node: '>=18'}

  '@inquirer/prompts@7.0.0':
    resolution: {integrity: sha512-y8kX/TmyBqV0H1i3cWbhiTljcuBtgVgyVXAVub3ba1j5/G+dxhYohK1JLRkaosPGKKf3LnEJsYK+GPabpfnaHw==, tarball: https://registry.npmmirror.com/@inquirer/prompts/-/prompts-7.0.0.tgz}
    engines: {node: '>=18'}

  '@inquirer/rawlist@4.0.0':
    resolution: {integrity: sha512-frzJNoMsQBO1fxLXrtpxt2c8hUy/ASEmBpIOEnXY2CjylPnLsVyxrEq7hcOIqVJKHn1tIPfplfiSPowOTrrUDg==, tarball: https://registry.npmmirror.com/@inquirer/rawlist/-/rawlist-4.0.0.tgz}
    engines: {node: '>=18'}

  '@inquirer/search@3.0.0':
    resolution: {integrity: sha512-AT9vkC2KD/PLHZZXIW5Tn/FnJzEU3xEZMLxNo9OggKoreDEKfTOKVM1LkYbDg6UQUOOjntXd0SsrvoHfCzS8cw==, tarball: https://registry.npmmirror.com/@inquirer/search/-/search-3.0.0.tgz}
    engines: {node: '>=18'}

  '@inquirer/select@4.0.0':
    resolution: {integrity: sha512-XTN4AIFusWbNCBU1Xm2YDxbtH94e/FOrC27U3QargSsoDT1mRm+aLfqE+oOZnUuxwtTnInRT8UHRU3MVOu52wg==, tarball: https://registry.npmmirror.com/@inquirer/select/-/select-4.0.0.tgz}
    engines: {node: '>=18'}

  '@inquirer/type@3.0.0':
    resolution: {integrity: sha512-YYykfbw/lefC7yKj7nanzQXILM7r3suIvyFlCcMskc99axmsSewXWkAfXKwMbgxL76iAFVmRwmYdwNZNc8gjog==, tarball: https://registry.npmmirror.com/@inquirer/type/-/type-3.0.0.tgz}
    engines: {node: '>=18'}
    peerDependencies:
      '@types/node': '>=18'

  '@types/node@18.19.55':
    resolution: {integrity: sha512-zzw5Vw52205Zr/nmErSEkN5FLqXPuKX/k5d1D7RKHATGqU7y6YfX9QxZraUzUrFGqH6XzOzG196BC35ltJC4Cw==, tarball: https://registry.npmmirror.com/@types/node/-/node-18.19.55.tgz}

  ansi-escapes@4.3.2:
    resolution: {integrity: sha512-gKXj5ALrKWQLsYG9jlTRmR/xKluxHV+Z9QEwNIgCfM1/uwPMCuzVVnh5mwTd+OuBZcwSIMbqssNWRm1lE51QaQ==, tarball: https://registry.npmmirror.com/ansi-escapes/-/ansi-escapes-4.3.2.tgz}
    engines: {node: '>=8'}

  ansi-regex@5.0.1:
    resolution: {integrity: sha512-quJQXlTSUGL2LH9SUXo8VwsY4soanhgo6LNSm84E1LBcE8s3O0wpdiRzyR9z/ZZJMlMWv37qOOb9pdJlMUEKFQ==, tarball: https://registry.npmmirror.com/ansi-regex/-/ansi-regex-5.0.1.tgz}
    engines: {node: '>=8'}

  ansi-styles@4.3.0:
    resolution: {integrity: sha512-zbB9rCJAT1rbjiVDb2hqKFHNYLxgtk8NURxZ3IZwD3F6NtxbXZQCnnSi1Lkx+IDohdPlFp222wVALIheZJQSEg==, tarball: https://registry.npmmirror.com/ansi-styles/-/ansi-styles-4.3.0.tgz}
    engines: {node: '>=8'}

  chardet@0.7.0:
    resolution: {integrity: sha512-mT8iDcrh03qDGRRmoA2hmBJnxpllMR+0/0qlzjqZES6NdiWDcZkCNAk4rPFZ9Q85r27unkiNNg8ZOiwZXBHwcA==, tarball: https://registry.npmmirror.com/chardet/-/chardet-0.7.0.tgz}

  cli-width@4.1.0:
    resolution: {integrity: sha512-ouuZd4/dm2Sw5Gmqy6bGyNNNe1qt9RpmxveLSO7KcgsTnU7RXfsw+/bukWGo1abgBiMAic068rclZsO4IWmmxQ==, tarball: https://registry.npmmirror.com/cli-width/-/cli-width-4.1.0.tgz}
    engines: {node: '>= 12'}

  color-convert@2.0.1:
    resolution: {integrity: sha512-RRECPsj7iu/xb5oKYcsFHSppFNnsj/52OVTRKb4zP5onXwVF3zVmmToNcOfGC+CRDpfK/U584fMg38ZHCaElKQ==, tarball: https://registry.npmmirror.com/color-convert/-/color-convert-2.0.1.tgz}
    engines: {node: '>=7.0.0'}

  color-name@1.1.4:
    resolution: {integrity: sha512-dOy+3AuW3a2wNbZHIuMZpTcgjGuLU/uBL/ubcZF9OXbDo8ff4O8yVp5Bf0efS8uEoYo5q4Fx7dY9OgQGXgAsQA==, tarball: https://registry.npmmirror.com/color-name/-/color-name-1.1.4.tgz}

  commander@12.1.0:
    resolution: {integrity: sha512-Vw8qHK3bZM9y/P10u3Vib8o/DdkvA2OtPtZvD871QKjy74Wj1WSKFILMPRPSdUSx5RFK1arlJzEtA4PkFgnbuA==, tarball: https://registry.npmmirror.com/commander/-/commander-12.1.0.tgz}
    engines: {node: '>=18'}

  emoji-regex@8.0.0:
    resolution: {integrity: sha512-MSjYzcWNOA0ewAHpz0MxpYFvwg6yjy1NG3xteoqz644VCo/RPgnr1/GGt+ic3iJTzQ8Eu3TdM14SawnVUmGE6A==, tarball: https://registry.npmmirror.com/emoji-regex/-/emoji-regex-8.0.0.tgz}

  external-editor@3.1.0:
    resolution: {integrity: sha512-hMQ4CX1p1izmuLYyZqLMO/qGNw10wSv9QDCPfzXfyFrOaCSSoRfqE1Kf1s5an66J5JZC62NewG+mK49jOCtQew==, tarball: https://registry.npmmirror.com/external-editor/-/external-editor-3.1.0.tgz}
    engines: {node: '>=4'}

  iconv-lite@0.4.24:
    resolution: {integrity: sha512-v3MXnZAcvnywkTUEZomIActle7RXXeedOR31wwl7VlyoXO4Qi9arvSenNQWne1TcRwhCL1HwLI21bEqdpj8/rA==, tarball: https://registry.npmmirror.com/iconv-lite/-/iconv-lite-0.4.24.tgz}
    engines: {node: '>=0.10.0'}

  inquirer@12.0.0:
    resolution: {integrity: sha512-W3mwgzLtWIqHndtAb82zCHbRfdPit3jcqEyYkAjM/4p15g/1tOoduYydx6IJ3sh31FHT82YoqYZB8RoTwoMy7w==, tarball: https://registry.npmmirror.com/inquirer/-/inquirer-12.0.0.tgz}
    engines: {node: '>=18'}

  is-fullwidth-code-point@3.0.0:
    resolution: {integrity: sha512-zymm5+u+sCsSWyD9qNaejV3DFvhCKclKdizYaJUuHA83RLjb7nSuGnddCHGv0hk+KY7BMAlsWeK4Ueg6EV6XQg==, tarball: https://registry.npmmirror.com/is-fullwidth-code-point/-/is-fullwidth-code-point-3.0.0.tgz}
    engines: {node: '>=8'}

  mute-stream@2.0.0:
    resolution: {integrity: sha512-WWdIxpyjEn+FhQJQQv9aQAYlHoNVdzIzUySNV1gHUPDSdZJ3yZn7pAAbQcV7B56Mvu881q9FZV+0Vx2xC44VWA==, tarball: https://registry.npmmirror.com/mute-stream/-/mute-stream-2.0.0.tgz}
    engines: {node: ^18.17.0 || >=20.5.0}

  os-tmpdir@1.0.2:
    resolution: {integrity: sha512-D2FR03Vir7FIu45XBY20mTb+/ZSWB00sjU9jdQXt83gDrI4Ztz5Fs7/yy74g2N5SVQY4xY1qDr4rNddwYRVX0g==, tarball: https://registry.npmmirror.com/os-tmpdir/-/os-tmpdir-1.0.2.tgz}
    engines: {node: '>=0.10.0'}

  prettier@3.3.3:
    resolution: {integrity: sha512-i2tDNA0O5IrMO757lfrdQZCc2jPNDVntV0m/+4whiDfWaTKfMNgR7Qz0NAeGz/nRqF4m5/6CLzbP4/liHt12Ew==, tarball: https://registry.npmmirror.com/prettier/-/prettier-3.3.3.tgz}
    engines: {node: '>=14'}
    hasBin: true

  run-async@3.0.0:
    resolution: {integrity: sha512-540WwVDOMxA6dN6We19EcT9sc3hkXPw5mzRNGM3FkdN/vtE9NFvj5lFAPNwUDmJjXidm3v7TC1cTE7t17Ulm1Q==, tarball: https://registry.npmmirror.com/run-async/-/run-async-3.0.0.tgz}
    engines: {node: '>=0.12.0'}

  rxjs@7.8.1:
    resolution: {integrity: sha512-AA3TVj+0A2iuIoQkWEK/tqFjBq2j+6PO6Y0zJcvzLAFhEFIO3HL0vls9hWLncZbAAbK0mar7oZ4V079I/qPMxg==, tarball: https://registry.npmmirror.com/rxjs/-/rxjs-7.8.1.tgz}

  safer-buffer@2.1.2:
    resolution: {integrity: sha512-YZo3K82SD7Riyi0E1EQPojLz7kpepnSQI9IyPbHHg1XXXevb5dJI7tpyN2ADxGcQbHG7vcyRHk0cbwqcQriUtg==, tarball: https://registry.npmmirror.com/safer-buffer/-/safer-buffer-2.1.2.tgz}

  signal-exit@4.1.0:
    resolution: {integrity: sha512-bzyZ1e88w9O1iNJbKnOlvYTrWPDl46O1bG0D3XInv+9tkPrxrN8jUUTiFlDkkmKWgn1M6CfIA13SuGqOa9Korw==, tarball: https://registry.npmmirror.com/signal-exit/-/signal-exit-4.1.0.tgz}
    engines: {node: '>=14'}

  string-width@4.2.3:
    resolution: {integrity: sha512-wKyQRQpjJ0sIp62ErSZdGsjMJWsap5oRNihHhu6G7JVO/9jIB6UyevL+tXuOqrng8j/cxKTWyWUwvSTriiZz/g==, tarball: https://registry.npmmirror.com/string-width/-/string-width-4.2.3.tgz}
    engines: {node: '>=8'}

  strip-ansi@6.0.1:
    resolution: {integrity: sha512-Y38VPSHcqkFrCpFnQ9vuSXmquuv5oXOKpGeT6aGrr3o3Gc9AlVa6JBfUSOCnbxGGZF+/0ooI7KrPuUSztUdU5A==, tarball: https://registry.npmmirror.com/strip-ansi/-/strip-ansi-6.0.1.tgz}
    engines: {node: '>=8'}

  tmp@0.0.33:
    resolution: {integrity: sha512-jRCJlojKnZ3addtTOjdIqoRuPEKBvNXcGYqzO6zWZX8KfKEpnGY5jfggJQ3EjKuu8D4bJRr0y+cYJFmYbImXGw==, tarball: https://registry.npmmirror.com/tmp/-/tmp-0.0.33.tgz}
    engines: {node: '>=0.6.0'}

  tslib@2.7.0:
    resolution: {integrity: sha512-gLXCKdN1/j47AiHiOkJN69hJmcbGTHI0ImLmbYLHykhgeN0jVGola9yVjFgzCUklsZQMW55o+dW7IXv3RCXDzA==, tarball: https://registry.npmmirror.com/tslib/-/tslib-2.7.0.tgz}

  type-fest@0.21.3:
    resolution: {integrity: sha512-t0rzBq87m3fVcduHDUFhKmyyX+9eo6WQjZvf51Ea/M0Q7+T374Jp1aUiyUl0GKxp8M/OETVHSDvmkyPgvX+X2w==, tarball: https://registry.npmmirror.com/type-fest/-/type-fest-0.21.3.tgz}
    engines: {node: '>=10'}

  undici-types@5.26.5:
    resolution: {integrity: sha512-JlCMO+ehdEIKqlFxk6IfVoAUVmgz7cU7zD/h9XZ0qzeosSHmUJVOzSQvvYSYWXkFXC+IfLKSIffhv0sVZup6pA==, tarball: https://registry.npmmirror.com/undici-types/-/undici-types-5.26.5.tgz}

  wrap-ansi@6.2.0:
    resolution: {integrity: sha512-r6lPcBGxZXlIcymEu7InxDMhdW0KDxpLgoFLcguasxCaJ/SOIZwINatK9KY/tf+ZrlywOKU0UDj3ATXUBfxJXA==, tarball: https://registry.npmmirror.com/wrap-ansi/-/wrap-ansi-6.2.0.tgz}
    engines: {node: '>=8'}

  yoctocolors-cjs@2.1.2:
    resolution: {integrity: sha512-cYVsTjKl8b+FrnidjibDWskAv7UKOfcwaVZdp/it9n1s9fU3IkgDbhdIRKCW4JDsAlECJY0ytoVPT3sK6kideA==, tarball: https://registry.npmmirror.com/yoctocolors-cjs/-/yoctocolors-cjs-2.1.2.tgz}
    engines: {node: '>=18'}

snapshots:

  '@inquirer/checkbox@4.0.0(@types/node@18.19.55)':
    dependencies:
      '@inquirer/core': 10.0.0(@types/node@18.19.55)
      '@inquirer/figures': 1.0.7
      '@inquirer/type': 3.0.0(@types/node@18.19.55)
      ansi-escapes: 4.3.2
      yoctocolors-cjs: 2.1.2
    transitivePeerDependencies:
      - '@types/node'

  '@inquirer/confirm@5.0.0(@types/node@18.19.55)':
    dependencies:
      '@inquirer/core': 10.0.0(@types/node@18.19.55)
      '@inquirer/type': 3.0.0(@types/node@18.19.55)
    transitivePeerDependencies:
      - '@types/node'

  '@inquirer/core@10.0.0(@types/node@18.19.55)':
    dependencies:
      '@inquirer/figures': 1.0.7
      '@inquirer/type': 3.0.0(@types/node@18.19.55)
      ansi-escapes: 4.3.2
      cli-width: 4.1.0
      mute-stream: 2.0.0
      signal-exit: 4.1.0
      strip-ansi: 6.0.1
      wrap-ansi: 6.2.0
      yoctocolors-cjs: 2.1.2
    transitivePeerDependencies:
      - '@types/node'

  '@inquirer/editor@4.0.0(@types/node@18.19.55)':
    dependencies:
      '@inquirer/core': 10.0.0(@types/node@18.19.55)
      '@inquirer/type': 3.0.0(@types/node@18.19.55)
      external-editor: 3.1.0
    transitivePeerDependencies:
      - '@types/node'

  '@inquirer/expand@4.0.0(@types/node@18.19.55)':
    dependencies:
      '@inquirer/core': 10.0.0(@types/node@18.19.55)
      '@inquirer/type': 3.0.0(@types/node@18.19.55)
      yoctocolors-cjs: 2.1.2
    transitivePeerDependencies:
      - '@types/node'

  '@inquirer/figures@1.0.7': {}

  '@inquirer/input@4.0.0(@types/node@18.19.55)':
    dependencies:
      '@inquirer/core': 10.0.0(@types/node@18.19.55)
      '@inquirer/type': 3.0.0(@types/node@18.19.55)
    transitivePeerDependencies:
      - '@types/node'

  '@inquirer/number@3.0.0(@types/node@18.19.55)':
    dependencies:
      '@inquirer/core': 10.0.0(@types/node@18.19.55)
      '@inquirer/type': 3.0.0(@types/node@18.19.55)
    transitivePeerDependencies:
      - '@types/node'

  '@inquirer/password@4.0.0(@types/node@18.19.55)':
    dependencies:
      '@inquirer/core': 10.0.0(@types/node@18.19.55)
      '@inquirer/type': 3.0.0(@types/node@18.19.55)
      ansi-escapes: 4.3.2
    transitivePeerDependencies:
      - '@types/node'

  '@inquirer/prompts@7.0.0(@types/node@18.19.55)':
    dependencies:
      '@inquirer/checkbox': 4.0.0(@types/node@18.19.55)
      '@inquirer/confirm': 5.0.0(@types/node@18.19.55)
      '@inquirer/editor': 4.0.0(@types/node@18.19.55)
      '@inquirer/expand': 4.0.0(@types/node@18.19.55)
      '@inquirer/input': 4.0.0(@types/node@18.19.55)
      '@inquirer/number': 3.0.0(@types/node@18.19.55)
      '@inquirer/password': 4.0.0(@types/node@18.19.55)
      '@inquirer/rawlist': 4.0.0(@types/node@18.19.55)
      '@inquirer/search': 3.0.0(@types/node@18.19.55)
      '@inquirer/select': 4.0.0(@types/node@18.19.55)
    transitivePeerDependencies:
      - '@types/node'

  '@inquirer/rawlist@4.0.0(@types/node@18.19.55)':
    dependencies:
      '@inquirer/core': 10.0.0(@types/node@18.19.55)
      '@inquirer/type': 3.0.0(@types/node@18.19.55)
      yoctocolors-cjs: 2.1.2
    transitivePeerDependencies:
      - '@types/node'

  '@inquirer/search@3.0.0(@types/node@18.19.55)':
    dependencies:
      '@inquirer/core': 10.0.0(@types/node@18.19.55)
      '@inquirer/figures': 1.0.7
      '@inquirer/type': 3.0.0(@types/node@18.19.55)
      yoctocolors-cjs: 2.1.2
    transitivePeerDependencies:
      - '@types/node'

  '@inquirer/select@4.0.0(@types/node@18.19.55)':
    dependencies:
      '@inquirer/core': 10.0.0(@types/node@18.19.55)
      '@inquirer/figures': 1.0.7
      '@inquirer/type': 3.0.0(@types/node@18.19.55)
      ansi-escapes: 4.3.2
      yoctocolors-cjs: 2.1.2
    transitivePeerDependencies:
      - '@types/node'

  '@inquirer/type@3.0.0(@types/node@18.19.55)':
    dependencies:
      '@types/node': 18.19.55

  '@types/node@18.19.55':
    dependencies:
      undici-types: 5.26.5

  ansi-escapes@4.3.2:
    dependencies:
      type-fest: 0.21.3

  ansi-regex@5.0.1: {}

  ansi-styles@4.3.0:
    dependencies:
      color-convert: 2.0.1

  chardet@0.7.0: {}

  cli-width@4.1.0: {}

  color-convert@2.0.1:
    dependencies:
      color-name: 1.1.4

  color-name@1.1.4: {}

  commander@12.1.0: {}

  emoji-regex@8.0.0: {}

  external-editor@3.1.0:
    dependencies:
      chardet: 0.7.0
      iconv-lite: 0.4.24
      tmp: 0.0.33

  iconv-lite@0.4.24:
    dependencies:
      safer-buffer: 2.1.2

  inquirer@12.0.0(@types/node@18.19.55):
    dependencies:
      '@inquirer/core': 10.0.0(@types/node@18.19.55)
      '@inquirer/prompts': 7.0.0(@types/node@18.19.55)
      '@inquirer/type': 3.0.0(@types/node@18.19.55)
      ansi-escapes: 4.3.2
      mute-stream: 2.0.0
      run-async: 3.0.0
      rxjs: 7.8.1
    transitivePeerDependencies:
      - '@types/node'

  is-fullwidth-code-point@3.0.0: {}

  mute-stream@2.0.0: {}

  os-tmpdir@1.0.2: {}

  prettier@3.3.3: {}

  run-async@3.0.0: {}

  rxjs@7.8.1:
    dependencies:
      tslib: 2.7.0

  safer-buffer@2.1.2: {}

  signal-exit@4.1.0: {}

  string-width@4.2.3:
    dependencies:
      emoji-regex: 8.0.0
      is-fullwidth-code-point: 3.0.0
      strip-ansi: 6.0.1

  strip-ansi@6.0.1:
    dependencies:
      ansi-regex: 5.0.1

  tmp@0.0.33:
    dependencies:
      os-tmpdir: 1.0.2

  tslib@2.7.0: {}

  type-fest@0.21.3: {}

  undici-types@5.26.5: {}

  wrap-ansi@6.2.0:
    dependencies:
      ansi-styles: 4.3.0
      string-width: 4.2.3
      strip-ansi: 6.0.1

  yoctocolors-cjs@2.1.2: {}
